
Microsoft Visual Studio Solution File, Format Version 12.00
# Visual Studio Version 16
VisualStudioVersion = 16.0.32228.343
MinimumVisualStudioVersion = 10.0.40219.1
Project("{FAE04EC0-301F-11D3-BF4B-00C04F79EFBC}") = "arac", "arac\arac.csproj", "{C9BDE822-67BE-49AF-9C6D-5837DB455B8C}"
EndProject
Global
	GlobalSection(SolutionConfigurationPlatforms) = preSolution
		Debug|Any CPU = Debug|Any CPU
		Release|Any CPU = Release|Any CPU
	EndGlobalSection
	GlobalSection(ProjectConfigurationPlatforms) = postSolution
		{C9BDE822-67BE-49AF-9C6D-5837DB455B8C}.Debug|Any CPU.ActiveCfg = Debug|Any CPU
		{C9BDE822-67BE-49AF-9C6D-5837DB455B8C}.Debug|Any CPU.Build.0 = Debug|Any CPU
		{C9BDE822-67BE-49AF-9C6D-5837DB455B8C}.Release|Any CPU.ActiveCfg = Release|Any CPU
		{C9BDE822-67BE-49AF-9C6D-5837DB455B8C}.Release|Any CPU.Build.0 = Release|Any CPU
	EndGlobalSection
	GlobalSection(SolutionProperties) = preSolution
		HideSolutionNode = FALSE
	EndGlobalSection
	GlobalSection(ExtensibilityGlobals) = postSolution
		SolutionGuid = {C05C600F-7617-4765-B51B-38B7A7D4BD51}
	EndGlobalSection
EndGlobal
